
Microsoft Visual Studio Solution File, Format Version 12.00
# Visual Studio Version 17
VisualStudioVersion = 17.4.33205.214
MinimumVisualStudioVersion = 10.0.40219.1
Project("{9A19103F-16F7-4668-BE54-9A1E7A4F7556}") = "NavalWar.API", "NavalWar.API\NavalWar.API.csproj", "{5AC03121-87C4-4359-B0B9-7E8E3ED9503D}"
EndProject
Project("{9A19103F-16F7-4668-BE54-9A1E7A4F7556}") = "NavalWar.DTO", "NavalWar.DTO\NavalWar.DTO.csproj", "{0EAB8DA5-E505-4F2B-B044-23080B3D030B}"
EndProject
Project("{9A19103F-16F7-4668-BE54-9A1E7A4F7556}") = "NavalWar.Business", "NavalWar.Business\NavalWar.Business.csproj", "{78C08AB3-25C3-49FE-9B93-720016FF9BD1}"
EndProject
Project("{FAE04EC0-301F-11D3-BF4B-00C04F79EFBC}") = "NavalWar.DAL", "NavalWar.DAL\NavalWar.DAL.csproj", "{13B4F9CE-1BB7-42FE-BFD8-311CB0BD7A22}"
EndProject
Global
	GlobalSection(SolutionConfigurationPlatforms) = preSolution
		Debug|Any CPU = Debug|Any CPU
		Debug|ARM = Debug|ARM
		Debug|ARM64 = Debug|ARM64
		Debug|x64 = Debug|x64
		Debug|x86 = Debug|x86
		Release|Any CPU = Release|Any CPU
		Release|ARM = Release|ARM
		Release|ARM64 = Release|ARM64
		Release|x64 = Release|x64
		Release|x86 = Release|x86
	EndGlobalSection
	GlobalSection(ProjectConfigurationPlatforms) = postSolution
		{5AC03121-87C4-4359-B0B9-7E8E3ED9503D}.Debug|Any CPU.ActiveCfg = Debug|Any CPU
		{5AC03121-87C4-4359-B0B9-7E8E3ED9503D}.Debug|Any CPU.Build.0 = Debug|Any CPU
		{5AC03121-87C4-4359-B0B9-7E8E3ED9503D}.Debug|ARM.ActiveCfg = Debug|Any CPU
		{5AC03121-87C4-4359-B0B9-7E8E3ED9503D}.Debug|ARM.Build.0 = Debug|Any CPU
		{5AC03121-87C4-4359-B0B9-7E8E3ED9503D}.Debug|ARM64.ActiveCfg = Debug|Any CPU
		{5AC03121-87C4-4359-B0B9-7E8E3ED9503D}.Debug|ARM64.Build.0 = Debug|Any CPU
		{5AC03121-87C4-4359-B0B9-7E8E3ED9503D}.Debug|x64.ActiveCfg = Debug|Any CPU
		{5AC03121-87C4-4359-B0B9-7E8E3ED9503D}.Debug|x64.Build.0 = Debug|Any CPU
		{5AC03121-87C4-4359-B0B9-7E8E3ED9503D}.Debug|x86.ActiveCfg = Debug|Any CPU
		{5AC03121-87C4-4359-B0B9-7E8E3ED9503D}.Debug|x86.Build.0 = Debug|Any CPU
		{5AC03121-87C4-4359-B0B9-7E8E3ED9503D}.Release|Any CPU.ActiveCfg = Release|Any CPU
		{5AC03121-87C4-4359-B0B9-7E8E3ED9503D}.Release|Any CPU.Build.0 = Release|Any CPU
		{5AC03121-87C4-4359-B0B9-7E8E3ED9503D}.Release|ARM.ActiveCfg = Release|Any CPU
		{5AC03121-87C4-4359-B0B9-7E8E3ED9503D}.Release|ARM.Build.0 = Release|Any CPU
		{5AC03121-87C4-4359-B0B9-7E8E3ED9503D}.Release|ARM64.ActiveCfg = Release|Any CPU
		{5AC03121-87C4-4359-B0B9-7E8E3ED9503D}.Release|ARM64.Build.0 = Release|Any CPU
		{5AC03121-87C4-4359-B0B9-7E8E3ED9503D}.Release|x64.ActiveCfg = Release|Any CPU
		{5AC03121-87C4-4359-B0B9-7E8E3ED9503D}.Release|x64.Build.0 = Release|Any CPU
		{5AC03121-87C4-4359-B0B9-7E8E3ED9503D}.Release|x86.ActiveCfg = Release|Any CPU
		{5AC03121-87C4-4359-B0B9-7E8E3ED9503D}.Release|x86.Build.0 = Release|Any CPU
		{0EAB8DA5-E505-4F2B-B044-23080B3D030B}.Debug|Any CPU.ActiveCfg = Debug|Any CPU
		{0EAB8DA5-E505-4F2B-B044-23080B3D030B}.Debug|Any CPU.Build.0 = Debug|Any CPU
		{0EAB8DA5-E505-4F2B-B044-23080B3D030B}.Debug|ARM.ActiveCfg = Debug|Any CPU
		{0EAB8DA5-E505-4F2B-B044-23080B3D030B}.Debug|ARM.Build.0 = Debug|Any CPU
		{0EAB8DA5-E505-4F2B-B044-23080B3D030B}.Debug|ARM64.ActiveCfg = Debug|Any CPU
		{0EAB8DA5-E505-4F2B-B044-23080B3D030B}.Debug|ARM64.Build.0 = Debug|Any CPU
		{0EAB8DA5-E505-4F2B-B044-23080B3D030B}.Debug|x64.ActiveCfg = Debug|Any CPU
		{0EAB8DA5-E505-4F2B-B044-23080B3D030B}.Debug|x64.Build.0 = Debug|Any CPU
		{0EAB8DA5-E505-4F2B-B044-23080B3D030B}.Debug|x86.ActiveCfg = Debug|Any CPU
		{0EAB8DA5-E505-4F2B-B044-23080B3D030B}.Debug|x86.Build.0 = Debug|Any CPU
		{0EAB8DA5-E505-4F2B-B044-23080B3D030B}.Release|Any CPU.ActiveCfg = Release|Any CPU
		{0EAB8DA5-E505-4F2B-B044-23080B3D030B}.Release|Any CPU.Build.0 = Release|Any CPU
		{0EAB8DA5-E505-4F2B-B044-23080B3D030B}.Release|ARM.ActiveCfg = Release|Any CPU
		{0EAB8DA5-E505-4F2B-B044-23080B3D030B}.Release|ARM.Build.0 = Release|Any CPU
		{0EAB8DA5-E505-4F2B-B044-23080B3D030B}.Release|ARM64.ActiveCfg = Release|Any CPU
		{0EAB8DA5-E505-4F2B-B044-23080B3D030B}.Release|ARM64.Build.0 = Release|Any CPU
		{0EAB8DA5-E505-4F2B-B044-23080B3D030B}.Release|x64.ActiveCfg = Release|Any CPU
		{0EAB8DA5-E505-4F2B-B044-23080B3D030B}.Release|x64.Build.0 = Release|Any CPU
		{0EAB8DA5-E505-4F2B-B044-23080B3D030B}.Release|x86.ActiveCfg = Release|Any CPU
		{0EAB8DA5-E505-4F2B-B044-23080B3D030B}.Release|x86.Build.0 = Release|Any CPU
		{78C08AB3-25C3-49FE-9B93-720016FF9BD1}.Debug|Any CPU.ActiveCfg = Debug|Any CPU
		{78C08AB3-25C3-49FE-9B93-720016FF9BD1}.Debug|Any CPU.Build.0 = Debug|Any CPU
		{78C08AB3-25C3-49FE-9B93-720016FF9BD1}.Debug|ARM.ActiveCfg = Debug|Any CPU
		{78C08AB3-25C3-49FE-9B93-720016FF9BD1}.Debug|ARM.Build.0 = Debug|Any CPU
		{78C08AB3-25C3-49FE-9B93-720016FF9BD1}.Debug|ARM64.ActiveCfg = Debug|Any CPU
		{78C08AB3-25C3-49FE-9B93-720016FF9BD1}.Debug|ARM64.Build.0 = Debug|Any CPU
		{78C08AB3-25C3-49FE-9B93-720016FF9BD1}.Debug|x64.ActiveCfg = Debug|Any CPU
		{78C08AB3-25C3-49FE-9B93-720016FF9BD1}.Debug|x64.Build.0 = Debug|Any CPU
		{78C08AB3-25C3-49FE-9B93-720016FF9BD1}.Debug|x86.ActiveCfg = Debug|Any CPU
		{78C08AB3-25C3-49FE-9B93-720016FF9BD1}.Debug|x86.Build.0 = Debug|Any CPU
		{78C08AB3-25C3-49FE-9B93-720016FF9BD1}.Release|Any CPU.ActiveCfg = Release|Any CPU
		{78C08AB3-25C3-49FE-9B93-720016FF9BD1}.Release|Any CPU.Build.0 = Release|Any CPU
		{78C08AB3-25C3-49FE-9B93-720016FF9BD1}.Release|ARM.ActiveCfg = Release|Any CPU
		{78C08AB3-25C3-49FE-9B93-720016FF9BD1}.Release|ARM.Build.0 = Release|Any CPU
		{78C08AB3-25C3-49FE-9B93-720016FF9BD1}.Release|ARM64.ActiveCfg = Release|Any CPU
		{78C08AB3-25C3-49FE-9B93-720016FF9BD1}.Release|ARM64.Build.0 = Release|Any CPU
		{78C08AB3-25C3-49FE-9B93-720016FF9BD1}.Release|x64.ActiveCfg = Release|Any CPU
		{78C08AB3-25C3-49FE-9B93-720016FF9BD1}.Release|x64.Build.0 = Release|Any CPU
		{78C08AB3-25C3-49FE-9B93-720016FF9BD1}.Release|x86.ActiveCfg = Release|Any CPU
		{78C08AB3-25C3-49FE-9B93-720016FF9BD1}.Release|x86.Build.0 = Release|Any CPU
		{13B4F9CE-1BB7-42FE-BFD8-311CB0BD7A22}.Debug|Any CPU.ActiveCfg = Debug|Any CPU
		{13B4F9CE-1BB7-42FE-BFD8-311CB0BD7A22}.Debug|Any CPU.Build.0 = Debug|Any CPU
		{13B4F9CE-1BB7-42FE-BFD8-311CB0BD7A22}.Debug|ARM.ActiveCfg = Debug|Any CPU
		{13B4F9CE-1BB7-42FE-BFD8-311CB0BD7A22}.Debug|ARM.Build.0 = Debug|Any CPU
		{13B4F9CE-1BB7-42FE-BFD8-311CB0BD7A22}.Debug|ARM64.ActiveCfg = Debug|Any CPU
		{13B4F9CE-1BB7-42FE-BFD8-311CB0BD7A22}.Debug|ARM64.Build.0 = Debug|Any CPU
		{13B4F9CE-1BB7-42FE-BFD8-311CB0BD7A22}.Debug|x64.ActiveCfg = Debug|Any CPU
		{13B4F9CE-1BB7-42FE-BFD8-311CB0BD7A22}.Debug|x64.Build.0 = Debug|Any CPU
		{13B4F9CE-1BB7-42FE-BFD8-311CB0BD7A22}.Debug|x86.ActiveCfg = Debug|Any CPU
		{13B4F9CE-1BB7-42FE-BFD8-311CB0BD7A22}.Debug|x86.Build.0 = Debug|Any CPU
		{13B4F9CE-1BB7-42FE-BFD8-311CB0BD7A22}.Release|Any CPU.ActiveCfg = Release|Any CPU
		{13B4F9CE-1BB7-42FE-BFD8-311CB0BD7A22}.Release|Any CPU.Build.0 = Release|Any CPU
		{13B4F9CE-1BB7-42FE-BFD8-311CB0BD7A22}.Release|ARM.ActiveCfg = Release|Any CPU
		{13B4F9CE-1BB7-42FE-BFD8-311CB0BD7A22}.Release|ARM.Build.0 = Release|Any CPU
		{13B4F9CE-1BB7-42FE-BFD8-311CB0BD7A22}.Release|ARM64.ActiveCfg = Release|Any CPU
		{13B4F9CE-1BB7-42FE-BFD8-311CB0BD7A22}.Release|ARM64.Build.0 = Release|Any CPU
		{13B4F9CE-1BB7-42FE-BFD8-311CB0BD7A22}.Release|x64.ActiveCfg = Release|Any CPU
		{13B4F9CE-1BB7-42FE-BFD8-311CB0BD7A22}.Release|x64.Build.0 = Release|Any CPU
		{13B4F9CE-1BB7-42FE-BFD8-311CB0BD7A22}.Release|x86.ActiveCfg = Release|Any CPU
		{13B4F9CE-1BB7-42FE-BFD8-311CB0BD7A22}.Release|x86.Build.0 = Release|Any CPU
	EndGlobalSection
	GlobalSection(SolutionProperties) = preSolution
		HideSolutionNode = FALSE
	EndGlobalSection
	GlobalSection(ExtensibilityGlobals) = postSolution
		SolutionGuid = {EE08F238-BF9C-4348-9395-B10228903FC0}
	EndGlobalSection
EndGlobal
